
Microsoft Visual Studio Solution File, Format Version 12.00
# Visual Studio Version 17
VisualStudioVersion = 17.0.32126.317
MinimumVisualStudioVersion = 10.0.40219.1
Project("{9A19103F-16F7-4668-BE54-9A1E7A4F7556}") = "GameHubCSharp", "GameHubCSharp\GameHubCSharp.csproj", "{058F738E-E027-4142-9016-21A2EB50F541}"
EndProject
Project("{FAE04EC0-301F-11D3-BF4B-00C04F79EFBC}") = "GameHubCSharp.DAL", "GameHubCSharp.DAL\GameHubCSharp.DAL.csproj", "{47394C7C-E6D6-41C8-829F-073A10C6A907}"
EndProject
Project("{FAE04EC0-301F-11D3-BF4B-00C04F79EFBC}") = "GameHubCSharp.BL", "GameHubCSharp.BL\GameHubCSharp.BL.csproj", "{9B4153DD-C9B2-49CD-8AEC-A9CB002D3C80}"
EndProject
Global
	GlobalSection(SolutionConfigurationPlatforms) = preSolution
		Debug|Any CPU = Debug|Any CPU
		Release|Any CPU = Release|Any CPU
	EndGlobalSection
	GlobalSection(ProjectConfigurationPlatforms) = postSolution
		{058F738E-E027-4142-9016-21A2EB50F541}.Debug|Any CPU.ActiveCfg = Debug|Any CPU
		{058F738E-E027-4142-9016-21A2EB50F541}.Debug|Any CPU.Build.0 = Debug|Any CPU
		{058F738E-E027-4142-9016-21A2EB50F541}.Release|Any CPU.ActiveCfg = Release|Any CPU
		{058F738E-E027-4142-9016-21A2EB50F541}.Release|Any CPU.Build.0 = Release|Any CPU
		{47394C7C-E6D6-41C8-829F-073A10C6A907}.Debug|Any CPU.ActiveCfg = Debug|Any CPU
		{47394C7C-E6D6-41C8-829F-073A10C6A907}.Debug|Any CPU.Build.0 = Debug|Any CPU
		{47394C7C-E6D6-41C8-829F-073A10C6A907}.Release|Any CPU.ActiveCfg = Release|Any CPU
		{47394C7C-E6D6-41C8-829F-073A10C6A907}.Release|Any CPU.Build.0 = Release|Any CPU
		{9B4153DD-C9B2-49CD-8AEC-A9CB002D3C80}.Debug|Any CPU.ActiveCfg = Debug|Any CPU
		{9B4153DD-C9B2-49CD-8AEC-A9CB002D3C80}.Debug|Any CPU.Build.0 = Debug|Any CPU
		{9B4153DD-C9B2-49CD-8AEC-A9CB002D3C80}.Release|Any CPU.ActiveCfg = Release|Any CPU
		{9B4153DD-C9B2-49CD-8AEC-A9CB002D3C80}.Release|Any CPU.Build.0 = Release|Any CPU
	EndGlobalSection
	GlobalSection(SolutionProperties) = preSolution
		HideSolutionNode = FALSE
	EndGlobalSection
	GlobalSection(ExtensibilityGlobals) = postSolution
		SolutionGuid = {7CF9B01E-07BB-4C70-8572-50D64183254A}
	EndGlobalSection
EndGlobal
